
Microsoft Visual Studio Solution File, Format Version 12.00
# Visual Studio Version 17
VisualStudioVersion = 17.8.34330.188
MinimumVisualStudioVersion = 10.0.40219.1
Project("{2150E333-8FDC-42A3-9474-1A3956D46DE8}") = "src", "src", "{7ACBBD71-748F-4A94-AD12-9D77E640C877}"
EndProject
Project("{9A19103F-16F7-4668-BE54-9A1E7A4F7556}") = "DemoWebApp.Domain", "DemoWebApp.Domain\DemoWebApp.Domain.csproj", "{E0DC7424-B22C-4050-9358-358F030DC930}"
EndProject
Project("{9A19103F-16F7-4668-BE54-9A1E7A4F7556}") = "DemoWebApp.Application", "DemoWebApp.Application\DemoWebApp.Application.csproj", "{8C8FB682-51F3-42A8-9511-680FC9E26269}"
EndProject
Project("{9A19103F-16F7-4668-BE54-9A1E7A4F7556}") = "DemoWebApp.Infrastructure", "DemoWebApp.Infrastructure\DemoWebApp.Infrastructure.csproj", "{8D8AA4F1-F9E1-4C2E-ABEC-00EAF472A59C}"
EndProject
Project("{9A19103F-16F7-4668-BE54-9A1E7A4F7556}") = "DemoWebApp.API", "DemoWebApp.API\DemoWebApp.API.csproj", "{A0F6B72A-A954-42AD-AC7B-A023AB4C8A71}"
EndProject
Project("{2150E333-8FDC-42A3-9474-1A3956D46DE8}") = "DemoWepAppApi_Resources", "DemoWepAppApi_Resources", "{6AF8B101-8F21-4063-8AE3-0D7B127166A0}"
EndProject
Global
	GlobalSection(SolutionConfigurationPlatforms) = preSolution
		Debug|Any CPU = Debug|Any CPU
		Release|Any CPU = Release|Any CPU
	EndGlobalSection
	GlobalSection(ProjectConfigurationPlatforms) = postSolution
		{E0DC7424-B22C-4050-9358-358F030DC930}.Debug|Any CPU.ActiveCfg = Debug|Any CPU
		{E0DC7424-B22C-4050-9358-358F030DC930}.Debug|Any CPU.Build.0 = Debug|Any CPU
		{E0DC7424-B22C-4050-9358-358F030DC930}.Release|Any CPU.ActiveCfg = Release|Any CPU
		{E0DC7424-B22C-4050-9358-358F030DC930}.Release|Any CPU.Build.0 = Release|Any CPU
		{8C8FB682-51F3-42A8-9511-680FC9E26269}.Debug|Any CPU.ActiveCfg = Debug|Any CPU
		{8C8FB682-51F3-42A8-9511-680FC9E26269}.Debug|Any CPU.Build.0 = Debug|Any CPU
		{8C8FB682-51F3-42A8-9511-680FC9E26269}.Release|Any CPU.ActiveCfg = Release|Any CPU
		{8C8FB682-51F3-42A8-9511-680FC9E26269}.Release|Any CPU.Build.0 = Release|Any CPU
		{8D8AA4F1-F9E1-4C2E-ABEC-00EAF472A59C}.Debug|Any CPU.ActiveCfg = Debug|Any CPU
		{8D8AA4F1-F9E1-4C2E-ABEC-00EAF472A59C}.Debug|Any CPU.Build.0 = Debug|Any CPU
		{8D8AA4F1-F9E1-4C2E-ABEC-00EAF472A59C}.Release|Any CPU.ActiveCfg = Release|Any CPU
		{8D8AA4F1-F9E1-4C2E-ABEC-00EAF472A59C}.Release|Any CPU.Build.0 = Release|Any CPU
		{A0F6B72A-A954-42AD-AC7B-A023AB4C8A71}.Debug|Any CPU.ActiveCfg = Debug|Any CPU
		{A0F6B72A-A954-42AD-AC7B-A023AB4C8A71}.Debug|Any CPU.Build.0 = Debug|Any CPU
		{A0F6B72A-A954-42AD-AC7B-A023AB4C8A71}.Release|Any CPU.ActiveCfg = Release|Any CPU
		{A0F6B72A-A954-42AD-AC7B-A023AB4C8A71}.Release|Any CPU.Build.0 = Release|Any CPU
	EndGlobalSection
	GlobalSection(SolutionProperties) = preSolution
		HideSolutionNode = FALSE
	EndGlobalSection
	GlobalSection(NestedProjects) = preSolution
		{E0DC7424-B22C-4050-9358-358F030DC930} = {7ACBBD71-748F-4A94-AD12-9D77E640C877}
		{8C8FB682-51F3-42A8-9511-680FC9E26269} = {7ACBBD71-748F-4A94-AD12-9D77E640C877}
		{8D8AA4F1-F9E1-4C2E-ABEC-00EAF472A59C} = {7ACBBD71-748F-4A94-AD12-9D77E640C877}
		{A0F6B72A-A954-42AD-AC7B-A023AB4C8A71} = {7ACBBD71-748F-4A94-AD12-9D77E640C877}
	EndGlobalSection
	GlobalSection(ExtensibilityGlobals) = postSolution
		SolutionGuid = {4121C8AE-933A-4808-8603-A36E25D8F54D}
	EndGlobalSection
EndGlobal
